
Microsoft Visual Studio Solution File, Format Version 12.00
# Visual Studio Version 16
VisualStudioVersion = 16.0.32228.343
MinimumVisualStudioVersion = 10.0.40219.1
Project("{FAE04EC0-301F-11D3-BF4B-00C04F79EFBC}") = "crud", "crud\crud.csproj", "{CC8C47BA-D221-4DAF-8154-B4977B3550C3}"
EndProject
Global
	GlobalSection(SolutionConfigurationPlatforms) = preSolution
		Debug|Any CPU = Debug|Any CPU
		Release|Any CPU = Release|Any CPU
	EndGlobalSection
	GlobalSection(ProjectConfigurationPlatforms) = postSolution
		{CC8C47BA-D221-4DAF-8154-B4977B3550C3}.Debug|Any CPU.ActiveCfg = Debug|Any CPU
		{CC8C47BA-D221-4DAF-8154-B4977B3550C3}.Debug|Any CPU.Build.0 = Debug|Any CPU
		{CC8C47BA-D221-4DAF-8154-B4977B3550C3}.Release|Any CPU.ActiveCfg = Release|Any CPU
		{CC8C47BA-D221-4DAF-8154-B4977B3550C3}.Release|Any CPU.Build.0 = Release|Any CPU
	EndGlobalSection
	GlobalSection(SolutionProperties) = preSolution
		HideSolutionNode = FALSE
	EndGlobalSection
	GlobalSection(ExtensibilityGlobals) = postSolution
		SolutionGuid = {85A3122F-BE97-43A7-8CBC-58787D08E66C}
	EndGlobalSection
EndGlobal
